// !$*UTF8*$!
{
	archiveVersion = 1;
	classes = {
	};
	objectVersion = 50;
	objects = {

/* Begin PBXBuildFile section */
		78756AFD2557C5CF000EB51B /* AppDelegate.swift in Sources */ = {isa = PBXBuildFile; fileRef = 78756AFC2557C5CF000EB51B /* AppDelegate.swift */; };
		78756AFF2557C5CF000EB51B /* SceneDelegate.swift in Sources */ = {isa = PBXBuildFile; fileRef = 78756AFE2557C5CF000EB51B /* SceneDelegate.swift */; };
		78756B012557C5CF000EB51B /* ViewController.swift in Sources */ = {isa = PBXBuildFile; fileRef = 78756B002557C5CF000EB51B /* ViewController.swift */; };
		78756B042557C5CF000EB51B /* Main.storyboard in Resources */ = {isa = PBXBuildFile; fileRef = 78756B022557C5CF000EB51B /* Main.storyboard */; };
		78756B062557C5D1000EB51B /* Assets.xcassets in Resources */ = {isa = PBXBuildFile; fileRef = 78756B052557C5D1000EB51B /* Assets.xcassets */; };
		78756B092557C5D1000EB51B /* LaunchScreen.storyboard in Resources */ = {isa = PBXBuildFile; fileRef = 78756B072557C5D1000EB51B /* LaunchScreen.storyboard */; };
		78756B182557C5DF000EB51B /* WidgetKit.framework in Frameworks */ = {isa = PBXBuildFile; fileRef = 78756B172557C5DF000EB51B /* WidgetKit.framework */; };
		78756B1A2557C5DF000EB51B /* SwiftUI.framework in Frameworks */ = {isa = PBXBuildFile; fileRef = 78756B192557C5DF000EB51B /* SwiftUI.framework */; };
		78756B1D2557C5DF000EB51B /* WidgetExtensionExampleWidget.swift in Sources */ = {isa = PBXBuildFile; fileRef = 78756B1C2557C5DF000EB51B /* WidgetExtensionExampleWidget.swift */; };
		78756B202557C5E0000EB51B /* Assets.xcassets in Resources */ = {isa = PBXBuildFile; fileRef = 78756B1F2557C5E0000EB51B /* Assets.xcassets */; };
		78756B222557C5E0000EB51B /* WidgetExtensionExampleWidget.intentdefinition in Sources */ = {isa = PBXBuildFile; fileRef = 78756B1E2557C5DF000EB51B /* WidgetExtensionExampleWidget.intentdefinition */; };
		78756B232557C5E0000EB51B /* WidgetExtensionExampleWidget.intentdefinition in Sources */ = {isa = PBXBuildFile; fileRef = 78756B1E2557C5DF000EB51B /* WidgetExtensionExampleWidget.intentdefinition */; };
		78756B262557C5E0000EB51B /* WidgetExtensionExampleWidgetExtension.appex in Embed App Extensions */ = {isa = PBXBuildFile; fileRef = 78756B152557C5DF000EB51B /* WidgetExtensionExampleWidgetExtension.appex */; settings = {ATTRIBUTES = (RemoveHeadersOnCopy, ); }; };
/* End PBXBuildFile section */

/* Begin PBXContainerItemProxy section */
		78756B242557C5E0000EB51B /* PBXContainerItemProxy */ = {
			isa = PBXContainerItemProxy;
			containerPortal = 78756AF12557C5CF000EB51B /* Project object */;
			proxyType = 1;
			remoteGlobalIDString = 78756B142557C5DF000EB51B;
			remoteInfo = WidgetExtensionExampleWidgetExtension;
		};
/* End PBXContainerItemProxy section */

/* Begin PBXCopyFilesBuildPhase section */
		78756B2A2557C5E0000EB51B /* Embed App Extensions */ = {
			isa = PBXCopyFilesBuildPhase;
			buildActionMask = 2147483647;
			dstPath = "";
			dstSubfolderSpec = 13;
			files = (
				78756B262557C5E0000EB51B /* WidgetExtensionExampleWidgetExtension.appex in Embed App Extensions */,
			);
			name = "Embed App Extensions";
			runOnlyForDeploymentPostprocessing = 0;
		};
/* End PBXCopyFilesBuildPhase section */

/* Begin PBXFileReference section */
		78756AF92557C5CF000EB51B /* WidgetExtensionExample.app */ = {isa = PBXFileReference; explicitFileType = wrapper.application; includeInIndex = 0; path = WidgetExtensionExample.app; sourceTree = BUILT_PRODUCTS_DIR; };
		78756AFC2557C5CF000EB51B /* AppDelegate.swift */ = {isa = PBXFileReference; lastKnownFileType = sourcecode.swift; path = AppDelegate.swift; sourceTree = "<group>"; };
		78756AFE2557C5CF000EB51B /* SceneDelegate.swift */ = {isa = PBXFileReference; lastKnownFileType = sourcecode.swift; path = SceneDelegate.swift; sourceTree = "<group>"; };
		78756B002557C5CF000EB51B /* ViewController.swift */ = {isa = PBXFileReference; lastKnownFileType = sourcecode.swift; path = ViewController.swift; sourceTree = "<group>"; };
		78756B032557C5CF000EB51B /* Base */ = {isa = PBXFileReference; lastKnownFileType = file.storyboard; name = Base; path = Base.lproj/Main.storyboard; sourceTree = "<group>"; };
		78756B052557C5D1000EB51B /* Assets.xcassets */ = {isa = PBXFileReference; lastKnownFileType = folder.assetcatalog; path = Assets.xcassets; sourceTree = "<group>"; };
		78756B082557C5D1000EB51B /* Base */ = {isa = PBXFileReference; lastKnownFileType = file.storyboard; name = Base; path = Base.lproj/LaunchScreen.storyboard; sourceTree = "<group>"; };
		78756B0A2557C5D1000EB51B /* Info.plist */ = {isa = PBXFileReference; lastKnownFileType = text.plist.xml; path = Info.plist; sourceTree = "<group>"; };
		78756B152557C5DF000EB51B /* WidgetExtensionExampleWidgetExtension.appex */ = {isa = PBXFileReference; explicitFileType = "wrapper.app-extension"; includeInIndex = 0; path = WidgetExtensionExampleWidgetExtension.appex; sourceTree = BUILT_PRODUCTS_DIR; };
		78756B172557C5DF000EB51B /* WidgetKit.framework */ = {isa = PBXFileReference; lastKnownFileType = wrapper.framework; name = WidgetKit.framework; path = System/Library/Frameworks/WidgetKit.framework; sourceTree = SDKROOT; };
		78756B192557C5DF000EB51B /* SwiftUI.framework */ = {isa = PBXFileReference; lastKnownFileType = wrapper.framework; name = SwiftUI.framework; path = System/Library/Frameworks/SwiftUI.framework; sourceTree = SDKROOT; };
		78756B1C2557C5DF000EB51B /* WidgetExtensionExampleWidget.swift */ = {isa = PBXFileReference; lastKnownFileType = sourcecode.swift; path = WidgetExtensionExampleWidget.swift; sourceTree = "<group>"; };
		78756B1E2557C5DF000EB51B /* WidgetExtensionExampleWidget.intentdefinition */ = {isa = PBXFileReference; lastKnownFileType = file.intentdefinition; path = WidgetExtensionExampleWidget.intentdefinition; sourceTree = "<group>"; };
		78756B1F2557C5E0000EB51B /* Assets.xcassets */ = {isa = PBXFileReference; lastKnownFileType = folder.assetcatalog; path = Assets.xcassets; sourceTree = "<group>"; };
		78756B212557C5E0000EB51B /* Info.plist */ = {isa = PBXFileReference; lastKnownFileType = text.plist.xml; path = Info.plist; sourceTree = "<group>"; };
/* End PBXFileReference section */

/* Begin PBXFrameworksBuildPhase section */
		78756AF62557C5CF000EB51B /* Frameworks */ = {
			isa = PBXFrameworksBuildPhase;
			buildActionMask = 2147483647;
			files = (
			);
			runOnlyForDeploymentPostprocessing = 0;
		};
		78756B122557C5DF000EB51B /* Frameworks */ = {
			isa = PBXFrameworksBuildPhase;
			buildActionMask = 2147483647;
			files = (
				78756B1A2557C5DF000EB51B /* SwiftUI.framework in Frameworks */,
				78756B182557C5DF000EB51B /* WidgetKit.framework in Frameworks */,
			);
			runOnlyForDeploymentPostprocessing = 0;
		};
/* End PBXFrameworksBuildPhase section */

/* Begin PBXGroup section */
		78756AF02557C5CF000EB51B = {
			isa = PBXGroup;
			children = (
				78756AFB2557C5CF000EB51B /* WidgetExtensionExample */,
				78756B1B2557C5DF000EB51B /* WidgetExtensionExampleWidget */,
				78756B162557C5DF000EB51B /* Frameworks */,
				78756AFA2557C5CF000EB51B /* Products */,
			);
			sourceTree = "<group>";
		};
		78756AFA2557C5CF000EB51B /* Products */ = {
			isa = PBXGroup;
			children = (
				78756AF92557C5CF000EB51B /* WidgetExtensionExample.app */,
				78756B152557C5DF000EB51B /* WidgetExtensionExampleWidgetExtension.appex */,
			);
			name = Products;
			sourceTree = "<group>";
		};
		78756AFB2557C5CF000EB51B /* WidgetExtensionExample */ = {
			isa = PBXGroup;
			children = (
				78756AFC2557C5CF000EB51B /* AppDelegate.swift */,
				78756AFE2557C5CF000EB51B /* SceneDelegate.swift */,
				78756B002557C5CF000EB51B /* ViewController.swift */,
				78756B022557C5CF000EB51B /* Main.storyboard */,
				78756B052557C5D1000EB51B /* Assets.xcassets */,
				78756B072557C5D1000EB51B /* LaunchScreen.storyboard */,
				78756B0A2557C5D1000EB51B /* Info.plist */,
			);
			path = WidgetExtensionExample;
			sourceTree = "<group>";
		};
		78756B162557C5DF000EB51B /* Frameworks */ = {
			isa = PBXGroup;
			children = (
				78756B172557C5DF000EB51B /* WidgetKit.framework */,
				78756B192557C5DF000EB51B /* SwiftUI.framework */,
			);
			name = Frameworks;
			sourceTree = "<group>";
		};
		78756B1B2557C5DF000EB51B /* WidgetExtensionExampleWidget */ = {
			isa = PBXGroup;
			children = (
				78756B1C2557C5DF000EB51B /* WidgetExtensionExampleWidget.swift */,
				78756B1E2557C5DF000EB51B /* WidgetExtensionExampleWidget.intentdefinition */,
				78756B1F2557C5E0000EB51B /* Assets.xcassets */,
				78756B212557C5E0000EB51B /* Info.plist */,
			);
			path = WidgetExtensionExampleWidget;
			sourceTree = "<group>";
		};
/* End PBXGroup section */

/* Begin PBXNativeTarget section */
		78756AF82557C5CF000EB51B /* WidgetExtensionExample */ = {
			isa = PBXNativeTarget;
			buildConfigurationList = 78756B0D2557C5D1000EB51B /* Build configuration list for PBXNativeTarget "WidgetExtensionExample" */;
			buildPhases = (
				78756AF52557C5CF000EB51B /* Sources */,
				78756AF62557C5CF000EB51B /* Frameworks */,
				78756AF72557C5CF000EB51B /* Resources */,
				78756B2A2557C5E0000EB51B /* Embed App Extensions */,
			);
			buildRules = (
			);
			dependencies = (
				78756B252557C5E0000EB51B /* PBXTargetDependency */,
			);
			name = WidgetExtensionExample;
			productName = WidgetExtensionExample;
			productReference = 78756AF92557C5CF000EB51B /* WidgetExtensionExample.app */;
			productType = "com.apple.product-type.application";
		};
		78756B142557C5DF000EB51B /* WidgetExtensionExampleWidgetExtension */ = {
			isa = PBXNativeTarget;
			buildConfigurationList = 78756B272557C5E0000EB51B /* Build configuration list for PBXNativeTarget "WidgetExtensionExampleWidgetExtension" */;
			buildPhases = (
				78756B112557C5DF000EB51B /* Sources */,
				78756B122557C5DF000EB51B /* Frameworks */,
				78756B132557C5DF000EB51B /* Resources */,
			);
			buildRules = (
			);
			dependencies = (
			);
			name = WidgetExtensionExampleWidgetExtension;
			productName = WidgetExtensionExampleWidgetExtension;
			productReference = 78756B152557C5DF000EB51B /* WidgetExtensionExampleWidgetExtension.appex */;
			productType = "com.apple.product-type.app-extension";
		};
/* End PBXNativeTarget section */

/* Begin PBXProject section */
		78756AF12557C5CF000EB51B /* Project object */ = {
			isa = PBXProject;
			attributes = {
				LastSwiftUpdateCheck = 1210;
				LastUpgradeCheck = 1210;
				TargetAttributes = {
					78756AF82557C5CF000EB51B = {
						CreatedOnToolsVersion = 12.1;
					};
					78756B142557C5DF000EB51B = {
						CreatedOnToolsVersion = 12.1;
					};
				};
			};
			buildConfigurationList = 78756AF42557C5CF000EB51B /* Build configuration list for PBXProject "WidgetExtensionExample" */;
			compatibilityVersion = "Xcode 9.3";
			developmentRegion = en;
			hasScannedForEncodings = 0;
			knownRegions = (
				en,
				Base,
			);
			mainGroup = 78756AF02557C5CF000EB51B;
			productRefGroup = 78756AFA2557C5CF000EB51B /* Products */;
			projectDirPath = "";
			projectRoot = "";
			targets = (
				78756AF82557C5CF000EB51B /* WidgetExtensionExample */,
				78756B142557C5DF000EB51B /* WidgetExtensionExampleWidgetExtension */,
			);
		};
/* End PBXProject section */

/* Begin PBXResourcesBuildPhase section */
		78756AF72557C5CF000EB51B /* Resources */ = {
			isa = PBXResourcesBuildPhase;
			buildActionMask = 2147483647;
			files = (
				78756B092557C5D1000EB51B /* LaunchScreen.storyboard in Resources */,
				78756B062557C5D1000EB51B /* Assets.xcassets in Resources */,
				78756B042557C5CF000EB51B /* Main.storyboard in Resources */,
			);
			runOnlyForDeploymentPostprocessing = 0;
		};
		78756B132557C5DF000EB51B /* Resources */ = {
			isa = PBXResourcesBuildPhase;
			buildActionMask = 2147483647;
			files = (
				78756B202557C5E0000EB51B /* Assets.xcassets in Resources */,
			);
			runOnlyForDeploymentPostprocessing = 0;
		};
/* End PBXResourcesBuildPhase section */

/* Begin PBXSourcesBuildPhase section */
		78756AF52557C5CF000EB51B /* Sources */ = {
			isa = PBXSourcesBuildPhase;
			buildActionMask = 2147483647;
			files = (
				78756B012557C5CF000EB51B /* ViewController.swift in Sources */,
				78756AFD2557C5CF000EB51B /* AppDelegate.swift in Sources */,
				78756AFF2557C5CF000EB51B /* SceneDelegate.swift in Sources */,
				78756B232557C5E0000EB51B /* WidgetExtensionExampleWidget.intentdefinition in Sources */,
			);
			runOnlyForDeploymentPostprocessing = 0;
		};
		78756B112557C5DF000EB51B /* Sources */ = {
			isa = PBXSourcesBuildPhase;
			buildActionMask = 2147483647;
			files = (
				78756B1D2557C5DF000EB51B /* WidgetExtensionExampleWidget.swift in Sources */,
				78756B222557C5E0000EB51B /* WidgetExtensionExampleWidget.intentdefinition in Sources */,
			);
			runOnlyForDeploymentPostprocessing = 0;
		};
/* End PBXSourcesBuildPhase section */

/* Begin PBXTargetDependency section */
		78756B252557C5E0000EB51B /* PBXTargetDependency */ = {
			isa = PBXTargetDependency;
			target = 78756B142557C5DF000EB51B /* WidgetExtensionExampleWidgetExtension */;
			targetProxy = 78756B242557C5E0000EB51B /* PBXContainerItemProxy */;
		};
/* End PBXTargetDependency section */

/* Begin PBXVariantGroup section */
		78756B022557C5CF000EB51B /* Main.storyboard */ = {
			isa = PBXVariantGroup;
			children = (
				78756B032557C5CF000EB51B /* Base */,
			);
			name = Main.storyboard;
			sourceTree = "<group>";
		};
		78756B072557C5D1000EB51B /* LaunchScreen.storyboard */ = {
			isa = PBXVariantGroup;
			children = (
				78756B082557C5D1000EB51B /* Base */,
			);
			name = LaunchScreen.storyboard;
			sourceTree = "<group>";
		};
/* End PBXVariantGroup section */

/* Begin XCBuildConfiguration section */
		78756B0B2557C5D1000EB51B /* Debug */ = {
			isa = XCBuildConfiguration;
			buildSettings = {
				ALWAYS_SEARCH_USER_PATHS = NO;
				CLANG_ANALYZER_NONNULL = YES;
				CLANG_ANALYZER_NUMBER_OBJECT_CONVERSION = YES_AGGRESSIVE;
				CLANG_CXX_LANGUAGE_STANDARD = "gnu++14";
				CLANG_CXX_LIBRARY = "libc++";
				CLANG_ENABLE_MODULES = YES;
				CLANG_ENABLE_OBJC_ARC = YES;
				CLANG_ENABLE_OBJC_WEAK = YES;
				CLANG_WARN_BLOCK_CAPTURE_AUTORELEASING = YES;
				CLANG_WARN_BOOL_CONVERSION = YES;
				CLANG_WARN_COMMA = YES;
				CLANG_WARN_CONSTANT_CONVERSION = YES;
				CLANG_WARN_DEPRECATED_OBJC_IMPLEMENTATIONS = YES;
				CLANG_WARN_DIRECT_OBJC_ISA_USAGE = YES_ERROR;
				CLANG_WARN_DOCUMENTATION_COMMENTS = YES;
				CLANG_WARN_EMPTY_BODY = YES;
				CLANG_WARN_ENUM_CONVERSION = YES;
				CLANG_WARN_INFINITE_RECURSION = YES;
				CLANG_WARN_INT_CONVERSION = YES;
				CLANG_WARN_NON_LITERAL_NULL_CONVERSION = YES;
				CLANG_WARN_OBJC_IMPLICIT_RETAIN_SELF = YES;
				CLANG_WARN_OBJC_LITERAL_CONVERSION = YES;
				CLANG_WARN_OBJC_ROOT_CLASS = YES_ERROR;
				CLANG_WARN_QUOTED_INCLUDE_IN_FRAMEWORK_HEADER = YES;
				CLANG_WARN_RANGE_LOOP_ANALYSIS = YES;
				CLANG_WARN_STRICT_PROTOTYPES = YES;
				CLANG_WARN_SUSPICIOUS_MOVE = YES;
				CLANG_WARN_UNGUARDED_AVAILABILITY = YES_AGGRESSIVE;
				CLANG_WARN_UNREACHABLE_CODE = YES;
				CLANG_WARN__DUPLICATE_METHOD_MATCH = YES;
				COPY_PHASE_STRIP = NO;
				DEBUG_INFORMATION_FORMAT = dwarf;
				ENABLE_STRICT_OBJC_MSGSEND = YES;
				ENABLE_TESTABILITY = YES;
				GCC_C_LANGUAGE_STANDARD = gnu11;
				GCC_DYNAMIC_NO_PIC = NO;
				GCC_NO_COMMON_BLOCKS = YES;
				GCC_OPTIMIZATION_LEVEL = 0;
				GCC_PREPROCESSOR_DEFINITIONS = (
					"DEBUG=1",
					"$(inherited)",
				);
				GCC_WARN_64_TO_32_BIT_CONVERSION = YES;
				GCC_WARN_ABOUT_RETURN_TYPE = YES_ERROR;
				GCC_WARN_UNDECLARED_SELECTOR = YES;
				GCC_WARN_UNINITIALIZED_AUTOS = YES_AGGRESSIVE;
				GCC_WARN_UNUSED_FUNCTION = YES;
				GCC_WARN_UNUSED_VARIABLE = YES;
				IPHONEOS_DEPLOYMENT_TARGET = 14.1;
				MTL_ENABLE_DEBUG_INFO = INCLUDE_SOURCE;
				MTL_FAST_MATH = YES;
				ONLY_ACTIVE_ARCH = YES;
				SDKROOT = iphoneos;
				SWIFT_ACTIVE_COMPILATION_CONDITIONS = DEBUG;
				SWIFT_OPTIMIZATION_LEVEL = "-Onone";
			};
			name = Debug;
		};
		78756B0C2557C5D1000EB51B /* Release */ = {
			isa = XCBuildConfiguration;
			buildSettings = {
				ALWAYS_SEARCH_USER_PATHS = NO;
				CLANG_ANALYZER_NONNULL = YES;
				CLANG_ANALYZER_NUMBER_OBJECT_CONVERSION = YES_AGGRESSIVE;
				CLANG_CXX_LANGUAGE_STANDARD = "gnu++14";
				CLANG_CXX_LIBRARY = "libc++";
				CLANG_ENABLE_MODULES = YES;
				CLANG_ENABLE_OBJC_ARC = YES;
				CLANG_ENABLE_OBJC_WEAK = YES;
				CLANG_WARN_BLOCK_CAPTURE_AUTORELEASING = YES;
				CLANG_WARN_BOOL_CONVERSION = YES;
				CLANG_WARN_COMMA = YES;
				CLANG_WARN_CONSTANT_CONVERSION = YES;
				CLANG_WARN_DEPRECATED_OBJC_IMPLEMENTATIONS = YES;
				CLANG_WARN_DIRECT_OBJC_ISA_USAGE = YES_ERROR;
				CLANG_WARN_DOCUMENTATION_COMMENTS = YES;
				CLANG_WARN_EMPTY_BODY = YES;
				CLANG_WARN_ENUM_CONVERSION = YES;
				CLANG_WARN_INFINITE_RECURSION = YES;
				CLANG_WARN_INT_CONVERSION = YES;
				CLANG_WARN_NON_LITERAL_NULL_CONVERSION = YES;
				CLANG_WARN_OBJC_IMPLICIT_RETAIN_SELF = YES;
				CLANG_WARN_OBJC_LITERAL_CONVERSION = YES;
				CLANG_WARN_OBJC_ROOT_CLASS = YES_ERROR;
				CLANG_WARN_QUOTED_INCLUDE_IN_FRAMEWORK_HEADER = YES;
				CLANG_WARN_RANGE_LOOP_ANALYSIS = YES;
				CLANG_WARN_STRICT_PROTOTYPES = YES;
				CLANG_WARN_SUSPICIOUS_MOVE = YES;
				CLANG_WARN_UNGUARDED_AVAILABILITY = YES_AGGRESSIVE;
				CLANG_WARN_UNREACHABLE_CODE = YES;
				CLANG_WARN__DUPLICATE_METHOD_MATCH = YES;
				COPY_PHASE_STRIP = NO;
				DEBUG_INFORMATION_FORMAT = "dwarf-with-dsym";
				ENABLE_NS_ASSERTIONS = NO;
				ENABLE_STRICT_OBJC_MSGSEND = YES;
				GCC_C_LANGUAGE_STANDARD = gnu11;
				GCC_NO_COMMON_BLOCKS = YES;
				GCC_WARN_64_TO_32_BIT_CONVERSION = YES;
				GCC_WARN_ABOUT_RETURN_TYPE = YES_ERROR;
				GCC_WARN_UNDECLARED_SELECTOR = YES;
				GCC_WARN_UNINITIALIZED_AUTOS = YES_AGGRESSIVE;
				GCC_WARN_UNUSED_FUNCTION = YES;
				GCC_WARN_UNUSED_VARIABLE = YES;
				IPHONEOS_DEPLOYMENT_TARGET = 14.1;
				MTL_ENABLE_DEBUG_INFO = NO;
				MTL_FAST_MATH = YES;
				SDKROOT = iphoneos;
				SWIFT_COMPILATION_MODE = wholemodule;
				SWIFT_OPTIMIZATION_LEVEL = "-O";
				VALIDATE_PRODUCT = YES;
			};
			name = Release;
		};
		78756B0E2557C5D1000EB51B /* Debug */ = {
			isa = XCBuildConfiguration;
			buildSettings = {
				ALWAYS_EMBED_SWIFT_STANDARD_LIBRARIES = YES;
				ASSETCATALOG_COMPILER_APPICON_NAME = AppIcon;
				ASSETCATALOG_COMPILER_GLOBAL_ACCENT_COLOR_NAME = AccentColor;
				CODE_SIGN_STYLE = Automatic;
				DEVELOPMENT_TEAM = P4ZJYAK634;
				INFOPLIST_FILE = WidgetExtensionExample/Info.plist;
				LD_RUNPATH_SEARCH_PATHS = (
					"$(inherited)",
					"@executable_path/Frameworks",
				);
				PRODUCT_BUNDLE_IDENTIFIER = com.hanwe.WidgetExtensionExample;
				PRODUCT_NAME = "$(TARGET_NAME)";
				SWIFT_VERSION = 5.0;
				TARGETED_DEVICE_FAMILY = "1,2";
			};
			name = Debug;
		};
		78756B0F2557C5D1000EB51B /* Release */ = {
			isa = XCBuildConfiguration;
			buildSettings = {
				ALWAYS_EMBED_SWIFT_STANDARD_LIBRARIES = YES;
				ASSETCATALOG_COMPILER_APPICON_NAME = AppIcon;
				ASSETCATALOG_COMPILER_GLOBAL_ACCENT_COLOR_NAME = AccentColor;
				CODE_SIGN_STYLE = Automatic;
				DEVELOPMENT_TEAM = P4ZJYAK634;
				INFOPLIST_FILE = WidgetExtensionExample/Info.plist;
				LD_RUNPATH_SEARCH_PATHS = (
					"$(inherited)",
					"@executable_path/Frameworks",
				);
				PRODUCT_BUNDLE_IDENTIFIER = com.hanwe.WidgetExtensionExample;
				PRODUCT_NAME = "$(TARGET_NAME)";
				SWIFT_VERSION = 5.0;
				TARGETED_DEVICE_FAMILY = "1,2";
			};
			name = Release;
		};
		78756B282557C5E0000EB51B /* Debug */ = {
			isa = XCBuildConfiguration;
			buildSettings = {
				ASSETCATALOG_COMPILER_GLOBAL_ACCENT_COLOR_NAME = AccentColor;
				ASSETCATALOG_COMPILER_WIDGET_BACKGROUND_COLOR_NAME = WidgetBackground;
				CODE_SIGN_STYLE = Automatic;
				DEVELOPMENT_TEAM = P4ZJYAK634;
				INFOPLIST_FILE = WidgetExtensionExampleWidget/Info.plist;
				LD_RUNPATH_SEARCH_PATHS = (
					"$(inherited)",
					"@executable_path/Frameworks",
					"@executable_path/../../Frameworks",
				);
				PRODUCT_BUNDLE_IDENTIFIER = com.hanwe.WidgetExtensionExample.WidgetExtensionExampleWidget;
				PRODUCT_NAME = "$(TARGET_NAME)";
				SKIP_INSTALL = YES;
				SWIFT_VERSION = 5.0;
				TARGETED_DEVICE_FAMILY = "1,2";
			};
			name = Debug;
		};
		78756B292557C5E0000EB51B /* Release */ = {
			isa = XCBuildConfiguration;
			buildSettings = {
				ASSETCATALOG_COMPILER_GLOBAL_ACCENT_COLOR_NAME = AccentColor;
				ASSETCATALOG_COMPILER_WIDGET_BACKGROUND_COLOR_NAME = WidgetBackground;
				CODE_SIGN_STYLE = Automatic;
				DEVELOPMENT_TEAM = P4ZJYAK634;
				INFOPLIST_FILE = WidgetExtensionExampleWidget/Info.plist;
				LD_RUNPATH_SEARCH_PATHS = (
					"$(inherited)",
					"@executable_path/Frameworks",
					"@executable_path/../../Frameworks",
				);
				PRODUCT_BUNDLE_IDENTIFIER = com.hanwe.WidgetExtensionExample.WidgetExtensionExampleWidget;
				PRODUCT_NAME = "$(TARGET_NAME)";
				SKIP_INSTALL = YES;
				SWIFT_VERSION = 5.0;
				TARGETED_DEVICE_FAMILY = "1,2";
			};
			name = Release;
		};
/* End XCBuildConfiguration section */

/* Begin XCConfigurationList section */
		78756AF42557C5CF000EB51B /* Build configuration list for PBXProject "WidgetExtensionExample" */ = {
			isa = XCConfigurationList;
			buildConfigurations = (
				78756B0B2557C5D1000EB51B /* Debug */,
				78756B0C2557C5D1000EB51B /* Release */,
			);
			defaultConfigurationIsVisible = 0;
			defaultConfigurationName = Release;
		};
		78756B0D2557C5D1000EB51B /* Build configuration list for PBXNativeTarget "WidgetExtensionExample" */ = {
			isa = XCConfigurationList;
			buildConfigurations = (
				78756B0E2557C5D1000EB51B /* Debug */,
				78756B0F2557C5D1000EB51B /* Release */,
			);
			defaultConfigurationIsVisible = 0;
			defaultConfigurationName = Release;
		};
		78756B272557C5E0000EB51B /* Build configuration list for PBXNativeTarget "WidgetExtensionExampleWidgetExtension" */ = {
			isa = XCConfigurationList;
			buildConfigurations = (
				78756B282557C5E0000EB51B /* Debug */,
				78756B292557C5E0000EB51B /* Release */,
			);
			defaultConfigurationIsVisible = 0;
			defaultConfigurationName = Release;
		};
/* End XCConfigurationList section */
	};
	rootObject = 78756AF12557C5CF000EB51B /* Project object */;
}
